
Microsoft Visual Studio Solution File, Format Version 12.00
# Visual Studio Version 17
VisualStudioVersion = 17.6.33723.286
MinimumVisualStudioVersion = 10.0.40219.1
Project("{FAE04EC0-301F-11D3-BF4B-00C04F79EFBC}") = "Mail", "Mail.csproj", "{188E133F-9D3C-4DC1-975A-81E8CB7148FD}"
EndProject
Global
	GlobalSection(SolutionConfigurationPlatforms) = preSolution
		Debug|Any CPU = Debug|Any CPU
		Release|Any CPU = Release|Any CPU
	EndGlobalSection
	GlobalSection(ProjectConfigurationPlatforms) = postSolution
		{188E133F-9D3C-4DC1-975A-81E8CB7148FD}.Debug|Any CPU.ActiveCfg = Debug|Any CPU
		{188E133F-9D3C-4DC1-975A-81E8CB7148FD}.Debug|Any CPU.Build.0 = Debug|Any CPU
		{188E133F-9D3C-4DC1-975A-81E8CB7148FD}.Release|Any CPU.ActiveCfg = Release|Any CPU
		{188E133F-9D3C-4DC1-975A-81E8CB7148FD}.Release|Any CPU.Build.0 = Release|Any CPU
	EndGlobalSection
	GlobalSection(SolutionProperties) = preSolution
		HideSolutionNode = FALSE
	EndGlobalSection
	GlobalSection(ExtensibilityGlobals) = postSolution
		SolutionGuid = {6BBBDEFC-1452-405D-848A-1259405C239D}
	EndGlobalSection
EndGlobal
